
Microsoft Visual Studio Solution File, Format Version 12.00
# Visual Studio Version 17
VisualStudioVersion = 17.4.33213.308
MinimumVisualStudioVersion = 10.0.40219.1
Project("{FAE04EC0-301F-11D3-BF4B-00C04F79EFBC}") = "Lab_8", "Lab_8\Lab_8.csproj", "{0F173E99-D3D6-45E8-8D20-1E186571DD85}"
EndProject
Global
	GlobalSection(SolutionConfigurationPlatforms) = preSolution
		Debug|Any CPU = Debug|Any CPU
		Release|Any CPU = Release|Any CPU
	EndGlobalSection
	GlobalSection(ProjectConfigurationPlatforms) = postSolution
		{0F173E99-D3D6-45E8-8D20-1E186571DD85}.Debug|Any CPU.ActiveCfg = Debug|Any CPU
		{0F173E99-D3D6-45E8-8D20-1E186571DD85}.Debug|Any CPU.Build.0 = Debug|Any CPU
		{0F173E99-D3D6-45E8-8D20-1E186571DD85}.Release|Any CPU.ActiveCfg = Release|Any CPU
		{0F173E99-D3D6-45E8-8D20-1E186571DD85}.Release|Any CPU.Build.0 = Release|Any CPU
	EndGlobalSection
	GlobalSection(SolutionProperties) = preSolution
		HideSolutionNode = FALSE
	EndGlobalSection
	GlobalSection(ExtensibilityGlobals) = postSolution
		SolutionGuid = {C0E92113-1F82-462C-A161-D88C10FBD2FF}
	EndGlobalSection
EndGlobal
