
Microsoft Visual Studio Solution File, Format Version 12.00
# Visual Studio Version 17
VisualStudioVersion = 17.4.33213.308
MinimumVisualStudioVersion = 10.0.40219.1
Project("{FAE04EC0-301F-11D3-BF4B-00C04F79EFBC}") = "Lab_4", "Lab_4\Lab_4.csproj", "{C7623F87-7C09-4D1F-8AF0-6C3296BB9B14}"
EndProject
Global
	GlobalSection(SolutionConfigurationPlatforms) = preSolution
		Debug|Any CPU = Debug|Any CPU
		Release|Any CPU = Release|Any CPU
	EndGlobalSection
	GlobalSection(ProjectConfigurationPlatforms) = postSolution
		{C7623F87-7C09-4D1F-8AF0-6C3296BB9B14}.Debug|Any CPU.ActiveCfg = Debug|Any CPU
		{C7623F87-7C09-4D1F-8AF0-6C3296BB9B14}.Debug|Any CPU.Build.0 = Debug|Any CPU
		{C7623F87-7C09-4D1F-8AF0-6C3296BB9B14}.Release|Any CPU.ActiveCfg = Release|Any CPU
		{C7623F87-7C09-4D1F-8AF0-6C3296BB9B14}.Release|Any CPU.Build.0 = Release|Any CPU
	EndGlobalSection
	GlobalSection(SolutionProperties) = preSolution
		HideSolutionNode = FALSE
	EndGlobalSection
	GlobalSection(ExtensibilityGlobals) = postSolution
		SolutionGuid = {1294815E-50C4-401E-8B41-A9B516A9DE26}
	EndGlobalSection
EndGlobal
